
Microsoft Visual Studio Solution File, Format Version 12.00
# Visual Studio Version 17
VisualStudioVersion = 17.13.35825.156 d17.13
MinimumVisualStudioVersion = 10.0.40219.1
Project("{FAE04EC0-301F-11D3-BF4B-00C04F79EFBC}") = "WlodCar backend", "WlodCar backend.csproj", "{5D354CAA-6093-48F7-81BF-21680C956D4D}"
EndProject
Global
	GlobalSection(SolutionConfigurationPlatforms) = preSolution
		Debug|Any CPU = Debug|Any CPU
		Release|Any CPU = Release|Any CPU
	EndGlobalSection
	GlobalSection(ProjectConfigurationPlatforms) = postSolution
		{5D354CAA-6093-48F7-81BF-21680C956D4D}.Debug|Any CPU.ActiveCfg = Debug|Any CPU
		{5D354CAA-6093-48F7-81BF-21680C956D4D}.Debug|Any CPU.Build.0 = Debug|Any CPU
		{5D354CAA-6093-48F7-81BF-21680C956D4D}.Release|Any CPU.ActiveCfg = Release|Any CPU
		{5D354CAA-6093-48F7-81BF-21680C956D4D}.Release|Any CPU.Build.0 = Release|Any CPU
	EndGlobalSection
	GlobalSection(SolutionProperties) = preSolution
		HideSolutionNode = FALSE
	EndGlobalSection
	GlobalSection(ExtensibilityGlobals) = postSolution
		SolutionGuid = {90A42FC3-3377-43BF-BD2C-CE1EFB49BA3C}
	EndGlobalSection
EndGlobal
